
Microsoft Visual Studio Solution File, Format Version 12.00
Project("{2150E333-8FDC-42A3-9474-1A3956D46DE8}") = "IntegrityService", "IntegrityService", "{34559172-F352-4A78-B00F-4F6CD27A4CF2}"
EndProject
Project("{FAE04EC0-301F-11D3-BF4B-00C04F79EFBC}") = "Domain", "IntegrityService\Domain\Domain.csproj", "{485001AC-64BC-493B-8486-8D41A8C40ADA}"
EndProject
Project("{FAE04EC0-301F-11D3-BF4B-00C04F79EFBC}") = "Application", "IntegrityService\Application\Application.csproj", "{277C7D98-9B9A-48DC-AEB1-9922CADA049E}"
EndProject
Project("{FAE04EC0-301F-11D3-BF4B-00C04F79EFBC}") = "Infrastructure", "IntegrityService\Infrastructure\Infrastructure.csproj", "{1E82D43B-9BA3-4629-BEA5-538DBF673AF4}"
EndProject
Project("{FAE04EC0-301F-11D3-BF4B-00C04F79EFBC}") = "Presentation", "IntegrityService\Presentation\Presentation.csproj", "{35B7FCA6-8AC9-4C5F-88D5-08867B17F88B}"
EndProject
Project("{FAE04EC0-301F-11D3-BF4B-00C04F79EFBC}") = "App", "IntegrityService\App\App.csproj", "{2C45F651-6868-4DB3-AB8B-50ADA9E0AB86}"
EndProject
Project("{2150E333-8FDC-42A3-9474-1A3956D46DE8}") = "OrderService", "OrderService", "{05CC63A4-FCDE-4462-AD41-6CD31C9AA5D5}"
EndProject
Project("{FAE04EC0-301F-11D3-BF4B-00C04F79EFBC}") = "Domain", "Domain\Domain.csproj", "{20F26250-3F74-42F5-AD0C-B60138060486}"
EndProject
Project("{FAE04EC0-301F-11D3-BF4B-00C04F79EFBC}") = "Application", "Application\Application.csproj", "{FF317511-D32E-4B3E-A1FC-4BA5E35B7C92}"
EndProject
Project("{FAE04EC0-301F-11D3-BF4B-00C04F79EFBC}") = "Infrastructure", "Infrastructure\Infrastructure.csproj", "{6DE1369E-3A57-4ABF-B736-27E3B2EA7C77}"
EndProject
Project("{FAE04EC0-301F-11D3-BF4B-00C04F79EFBC}") = "Presentation", "Presentation\Presentation.csproj", "{5CF3F81B-9306-40A7-BC7D-17A8CA481FE2}"
EndProject
Project("{FAE04EC0-301F-11D3-BF4B-00C04F79EFBC}") = "App", "App\App.csproj", "{D62E8DDF-3902-4103-B01F-D74EC1B6D4F3}"
EndProject
Global
	GlobalSection(SolutionConfigurationPlatforms) = preSolution
		Debug|Any CPU = Debug|Any CPU
		Release|Any CPU = Release|Any CPU
	EndGlobalSection
	GlobalSection(ProjectConfigurationPlatforms) = postSolution
		{485001AC-64BC-493B-8486-8D41A8C40ADA}.Debug|Any CPU.ActiveCfg = Debug|Any CPU
		{485001AC-64BC-493B-8486-8D41A8C40ADA}.Debug|Any CPU.Build.0 = Debug|Any CPU
		{485001AC-64BC-493B-8486-8D41A8C40ADA}.Release|Any CPU.ActiveCfg = Release|Any CPU
		{485001AC-64BC-493B-8486-8D41A8C40ADA}.Release|Any CPU.Build.0 = Release|Any CPU
		{277C7D98-9B9A-48DC-AEB1-9922CADA049E}.Debug|Any CPU.ActiveCfg = Debug|Any CPU
		{277C7D98-9B9A-48DC-AEB1-9922CADA049E}.Debug|Any CPU.Build.0 = Debug|Any CPU
		{277C7D98-9B9A-48DC-AEB1-9922CADA049E}.Release|Any CPU.ActiveCfg = Release|Any CPU
		{277C7D98-9B9A-48DC-AEB1-9922CADA049E}.Release|Any CPU.Build.0 = Release|Any CPU
		{1E82D43B-9BA3-4629-BEA5-538DBF673AF4}.Debug|Any CPU.ActiveCfg = Debug|Any CPU
		{1E82D43B-9BA3-4629-BEA5-538DBF673AF4}.Debug|Any CPU.Build.0 = Debug|Any CPU
		{1E82D43B-9BA3-4629-BEA5-538DBF673AF4}.Release|Any CPU.ActiveCfg = Release|Any CPU
		{1E82D43B-9BA3-4629-BEA5-538DBF673AF4}.Release|Any CPU.Build.0 = Release|Any CPU
		{35B7FCA6-8AC9-4C5F-88D5-08867B17F88B}.Debug|Any CPU.ActiveCfg = Debug|Any CPU
		{35B7FCA6-8AC9-4C5F-88D5-08867B17F88B}.Debug|Any CPU.Build.0 = Debug|Any CPU
		{35B7FCA6-8AC9-4C5F-88D5-08867B17F88B}.Release|Any CPU.ActiveCfg = Release|Any CPU
		{35B7FCA6-8AC9-4C5F-88D5-08867B17F88B}.Release|Any CPU.Build.0 = Release|Any CPU
		{2C45F651-6868-4DB3-AB8B-50ADA9E0AB86}.Debug|Any CPU.ActiveCfg = Debug|Any CPU
		{2C45F651-6868-4DB3-AB8B-50ADA9E0AB86}.Debug|Any CPU.Build.0 = Debug|Any CPU
		{2C45F651-6868-4DB3-AB8B-50ADA9E0AB86}.Release|Any CPU.ActiveCfg = Release|Any CPU
		{2C45F651-6868-4DB3-AB8B-50ADA9E0AB86}.Release|Any CPU.Build.0 = Release|Any CPU
		{20F26250-3F74-42F5-AD0C-B60138060486}.Debug|Any CPU.ActiveCfg = Debug|Any CPU
		{20F26250-3F74-42F5-AD0C-B60138060486}.Debug|Any CPU.Build.0 = Debug|Any CPU
		{20F26250-3F74-42F5-AD0C-B60138060486}.Release|Any CPU.ActiveCfg = Release|Any CPU
		{20F26250-3F74-42F5-AD0C-B60138060486}.Release|Any CPU.Build.0 = Release|Any CPU
		{FF317511-D32E-4B3E-A1FC-4BA5E35B7C92}.Debug|Any CPU.ActiveCfg = Debug|Any CPU
		{FF317511-D32E-4B3E-A1FC-4BA5E35B7C92}.Debug|Any CPU.Build.0 = Debug|Any CPU
		{FF317511-D32E-4B3E-A1FC-4BA5E35B7C92}.Release|Any CPU.ActiveCfg = Release|Any CPU
		{FF317511-D32E-4B3E-A1FC-4BA5E35B7C92}.Release|Any CPU.Build.0 = Release|Any CPU
		{6DE1369E-3A57-4ABF-B736-27E3B2EA7C77}.Debug|Any CPU.ActiveCfg = Debug|Any CPU
		{6DE1369E-3A57-4ABF-B736-27E3B2EA7C77}.Debug|Any CPU.Build.0 = Debug|Any CPU
		{6DE1369E-3A57-4ABF-B736-27E3B2EA7C77}.Release|Any CPU.ActiveCfg = Release|Any CPU
		{6DE1369E-3A57-4ABF-B736-27E3B2EA7C77}.Release|Any CPU.Build.0 = Release|Any CPU
		{5CF3F81B-9306-40A7-BC7D-17A8CA481FE2}.Debug|Any CPU.ActiveCfg = Debug|Any CPU
		{5CF3F81B-9306-40A7-BC7D-17A8CA481FE2}.Debug|Any CPU.Build.0 = Debug|Any CPU
		{5CF3F81B-9306-40A7-BC7D-17A8CA481FE2}.Release|Any CPU.ActiveCfg = Release|Any CPU
		{5CF3F81B-9306-40A7-BC7D-17A8CA481FE2}.Release|Any CPU.Build.0 = Release|Any CPU
		{D62E8DDF-3902-4103-B01F-D74EC1B6D4F3}.Debug|Any CPU.ActiveCfg = Debug|Any CPU
		{D62E8DDF-3902-4103-B01F-D74EC1B6D4F3}.Debug|Any CPU.Build.0 = Debug|Any CPU
		{D62E8DDF-3902-4103-B01F-D74EC1B6D4F3}.Release|Any CPU.ActiveCfg = Release|Any CPU
		{D62E8DDF-3902-4103-B01F-D74EC1B6D4F3}.Release|Any CPU.Build.0 = Release|Any CPU
	EndGlobalSection
	GlobalSection(NestedProjects) = preSolution
		{485001AC-64BC-493B-8486-8D41A8C40ADA} = {34559172-F352-4A78-B00F-4F6CD27A4CF2}
		{277C7D98-9B9A-48DC-AEB1-9922CADA049E} = {34559172-F352-4A78-B00F-4F6CD27A4CF2}
		{1E82D43B-9BA3-4629-BEA5-538DBF673AF4} = {34559172-F352-4A78-B00F-4F6CD27A4CF2}
		{35B7FCA6-8AC9-4C5F-88D5-08867B17F88B} = {34559172-F352-4A78-B00F-4F6CD27A4CF2}
		{2C45F651-6868-4DB3-AB8B-50ADA9E0AB86} = {34559172-F352-4A78-B00F-4F6CD27A4CF2}
		{20F26250-3F74-42F5-AD0C-B60138060486} = {05CC63A4-FCDE-4462-AD41-6CD31C9AA5D5}
		{FF317511-D32E-4B3E-A1FC-4BA5E35B7C92} = {05CC63A4-FCDE-4462-AD41-6CD31C9AA5D5}
		{6DE1369E-3A57-4ABF-B736-27E3B2EA7C77} = {05CC63A4-FCDE-4462-AD41-6CD31C9AA5D5}
		{5CF3F81B-9306-40A7-BC7D-17A8CA481FE2} = {05CC63A4-FCDE-4462-AD41-6CD31C9AA5D5}
		{D62E8DDF-3902-4103-B01F-D74EC1B6D4F3} = {05CC63A4-FCDE-4462-AD41-6CD31C9AA5D5}
	EndGlobalSection
EndGlobal
